
Microsoft Visual Studio Solution File, Format Version 12.00
# Visual Studio 14
VisualStudioVersion = 14.0.24720.0
MinimumVisualStudioVersion = 10.0.40219.1
Project("{8BC9CEB8-8B4A-11D0-8D11-00A0C91BC942}") = "整数浮点数分别排序", "整数浮点数分别排序\整数浮点数分别排序.vcxproj", "{B71443D6-2600-4D8C-A093-6D6675521D59}"
EndProject
Global
	GlobalSection(SolutionConfigurationPlatforms) = preSolution
		Debug|x64 = Debug|x64
		Debug|x86 = Debug|x86
		Release|x64 = Release|x64
		Release|x86 = Release|x86
	EndGlobalSection
	GlobalSection(ProjectConfigurationPlatforms) = postSolution
		{B71443D6-2600-4D8C-A093-6D6675521D59}.Debug|x64.ActiveCfg = Debug|x64
		{B71443D6-2600-4D8C-A093-6D6675521D59}.Debug|x64.Build.0 = Debug|x64
		{B71443D6-2600-4D8C-A093-6D6675521D59}.Debug|x86.ActiveCfg = Debug|Win32
		{B71443D6-2600-4D8C-A093-6D6675521D59}.Debug|x86.Build.0 = Debug|Win32
		{B71443D6-2600-4D8C-A093-6D6675521D59}.Release|x64.ActiveCfg = Release|x64
		{B71443D6-2600-4D8C-A093-6D6675521D59}.Release|x64.Build.0 = Release|x64
		{B71443D6-2600-4D8C-A093-6D6675521D59}.Release|x86.ActiveCfg = Release|Win32
		{B71443D6-2600-4D8C-A093-6D6675521D59}.Release|x86.Build.0 = Release|Win32
	EndGlobalSection
	GlobalSection(SolutionProperties) = preSolution
		HideSolutionNode = FALSE
	EndGlobalSection
EndGlobal
